
Microsoft Visual Studio Solution File, Format Version 12.00
# Visual Studio Version 17
VisualStudioVersion = 17.13.35828.75 d17.13
MinimumVisualStudioVersion = 10.0.40219.1
Project("{FAE04EC0-301F-11D3-BF4B-00C04F79EFBC}") = "Project_SSAAC", "Project_SSAAC\Project_SSAAC.csproj", "{F8C0232C-F01B-40B9-BF55-B85A7CCC0DEB}"
EndProject
Global
	GlobalSection(SolutionConfigurationPlatforms) = preSolution
		Debug|Any CPU = Debug|Any CPU
		Release|Any CPU = Release|Any CPU
	EndGlobalSection
	GlobalSection(ProjectConfigurationPlatforms) = postSolution
		{F8C0232C-F01B-40B9-BF55-B85A7CCC0DEB}.Debug|Any CPU.ActiveCfg = Debug|Any CPU
		{F8C0232C-F01B-40B9-BF55-B85A7CCC0DEB}.Debug|Any CPU.Build.0 = Debug|Any CPU
		{F8C0232C-F01B-40B9-BF55-B85A7CCC0DEB}.Release|Any CPU.ActiveCfg = Release|Any CPU
		{F8C0232C-F01B-40B9-BF55-B85A7CCC0DEB}.Release|Any CPU.Build.0 = Release|Any CPU
	EndGlobalSection
	GlobalSection(SolutionProperties) = preSolution
		HideSolutionNode = FALSE
	EndGlobalSection
	GlobalSection(ExtensibilityGlobals) = postSolution
		SolutionGuid = {8DA16782-E0F8-42A0-8A0C-0B505580071C}
	EndGlobalSection
EndGlobal
